
Microsoft Visual Studio Solution File, Format Version 12.00
# Visual Studio Version 16
VisualStudioVersion = 16.0.30804.86
MinimumVisualStudioVersion = 10.0.40219.1
Project("{FAE04EC0-301F-11D3-BF4B-00C04F79EFBC}") = "Slektstre", "Slektstre\Slektstre.csproj", "{8DEA48C3-7E91-4C27-ACA1-29FA9550FA3E}"
EndProject
Project("{FAE04EC0-301F-11D3-BF4B-00C04F79EFBC}") = "SlektstreTest", "SlektstreTest\SlektstreTest.csproj", "{B149B697-7753-48A8-8789-ED0F8B98E58D}"
EndProject
Global
	GlobalSection(SolutionConfigurationPlatforms) = preSolution
		Debug|Any CPU = Debug|Any CPU
		Release|Any CPU = Release|Any CPU
	EndGlobalSection
	GlobalSection(ProjectConfigurationPlatforms) = postSolution
		{8DEA48C3-7E91-4C27-ACA1-29FA9550FA3E}.Debug|Any CPU.ActiveCfg = Debug|Any CPU
		{8DEA48C3-7E91-4C27-ACA1-29FA9550FA3E}.Debug|Any CPU.Build.0 = Debug|Any CPU
		{8DEA48C3-7E91-4C27-ACA1-29FA9550FA3E}.Release|Any CPU.ActiveCfg = Release|Any CPU
		{8DEA48C3-7E91-4C27-ACA1-29FA9550FA3E}.Release|Any CPU.Build.0 = Release|Any CPU
		{B149B697-7753-48A8-8789-ED0F8B98E58D}.Debug|Any CPU.ActiveCfg = Debug|Any CPU
		{B149B697-7753-48A8-8789-ED0F8B98E58D}.Debug|Any CPU.Build.0 = Debug|Any CPU
		{B149B697-7753-48A8-8789-ED0F8B98E58D}.Release|Any CPU.ActiveCfg = Release|Any CPU
		{B149B697-7753-48A8-8789-ED0F8B98E58D}.Release|Any CPU.Build.0 = Release|Any CPU
	EndGlobalSection
	GlobalSection(SolutionProperties) = preSolution
		HideSolutionNode = FALSE
	EndGlobalSection
	GlobalSection(ExtensibilityGlobals) = postSolution
		SolutionGuid = {59DF8FFE-AA4D-439C-95AE-79F2C95A3DC2}
	EndGlobalSection
EndGlobal
